
Microsoft Visual Studio Solution File, Format Version 12.00
# Visual Studio 2012
Project("{FAE04EC0-301F-11D3-BF4B-00C04F79EFBC}") = "LayeredAnimations", "LayeredAnimations.csproj", "{804239E1-EBC8-4FAD-899B-935C50F86910}"
EndProject
Global
	GlobalSection(SolutionConfigurationPlatforms) = preSolution
		Debug|Any CPU = Debug|Any CPU
		Release|Any CPU = Release|Any CPU
	EndGlobalSection
	GlobalSection(ProjectConfigurationPlatforms) = postSolution
		{804239E1-EBC8-4FAD-899B-935C50F86910}.Debug|Any CPU.ActiveCfg = Debug|Any CPU
		{804239E1-EBC8-4FAD-899B-935C50F86910}.Debug|Any CPU.Build.0 = Debug|Any CPU
		{804239E1-EBC8-4FAD-899B-935C50F86910}.Release|Any CPU.ActiveCfg = Release|Any CPU
		{804239E1-EBC8-4FAD-899B-935C50F86910}.Release|Any CPU.Build.0 = Release|Any CPU
	EndGlobalSection
	GlobalSection(MonoDevelopProperties) = preSolution
		StartupItem = LayeredAnimations.csproj
	EndGlobalSection
EndGlobal
